
Microsoft Visual Studio Solution File, Format Version 12.00
# Visual Studio Version 17
VisualStudioVersion = 17.8.34309.116
MinimumVisualStudioVersion = 10.0.40219.1
Project("{9A19103F-16F7-4668-BE54-9A1E7A4F7556}") = "BlazorApp1", "BlazorApp1\BlazorApp1.csproj", "{B1CFA29E-4FF7-4D9D-96AA-753F0290284B}"
EndProject
Project("{9A19103F-16F7-4668-BE54-9A1E7A4F7556}") = "BlazorApp1.Client", "BlazorApp1.Client\BlazorApp1.Client.csproj", "{37E2F861-D8B9-4F13-A26B-D6AB1B21F815}"
EndProject
Global
	GlobalSection(SolutionConfigurationPlatforms) = preSolution
		Debug|Any CPU = Debug|Any CPU
		Release|Any CPU = Release|Any CPU
	EndGlobalSection
	GlobalSection(ProjectConfigurationPlatforms) = postSolution
		{B1CFA29E-4FF7-4D9D-96AA-753F0290284B}.Debug|Any CPU.ActiveCfg = Debug|Any CPU
		{B1CFA29E-4FF7-4D9D-96AA-753F0290284B}.Debug|Any CPU.Build.0 = Debug|Any CPU
		{B1CFA29E-4FF7-4D9D-96AA-753F0290284B}.Release|Any CPU.ActiveCfg = Release|Any CPU
		{B1CFA29E-4FF7-4D9D-96AA-753F0290284B}.Release|Any CPU.Build.0 = Release|Any CPU
		{37E2F861-D8B9-4F13-A26B-D6AB1B21F815}.Debug|Any CPU.ActiveCfg = Debug|Any CPU
		{37E2F861-D8B9-4F13-A26B-D6AB1B21F815}.Debug|Any CPU.Build.0 = Debug|Any CPU
		{37E2F861-D8B9-4F13-A26B-D6AB1B21F815}.Release|Any CPU.ActiveCfg = Release|Any CPU
		{37E2F861-D8B9-4F13-A26B-D6AB1B21F815}.Release|Any CPU.Build.0 = Release|Any CPU
	EndGlobalSection
	GlobalSection(SolutionProperties) = preSolution
		HideSolutionNode = FALSE
	EndGlobalSection
	GlobalSection(ExtensibilityGlobals) = postSolution
		SolutionGuid = {B9F6DAEA-B7B3-4E05-BF73-29FA60A8D1C3}
	EndGlobalSection
EndGlobal
